// !$*UTF8*$!
{
	archiveVersion = 1;
	classes = {
	};
	objectVersion = 55;
	objects = {

/* Begin PBXBuildFile section */
		FA1029342875AE2A0090DF04 /* AppDelegate.swift in Sources */ = {isa = PBXBuildFile; fileRef = FA1029332875AE2A0090DF04 /* AppDelegate.swift */; };
		FA1029362875AE2A0090DF04 /* SceneDelegate.swift in Sources */ = {isa = PBXBuildFile; fileRef = FA1029352875AE2A0090DF04 /* SceneDelegate.swift */; };
		FA1029382875AE2A0090DF04 /* MainViewController.swift in Sources */ = {isa = PBXBuildFile; fileRef = FA1029372875AE2A0090DF04 /* MainViewController.swift */; };
		FA10293D2875AE2E0090DF04 /* Assets.xcassets in Resources */ = {isa = PBXBuildFile; fileRef = FA10293C2875AE2E0090DF04 /* Assets.xcassets */; };
		FA1029402875AE2E0090DF04 /* LaunchScreen.storyboard in Resources */ = {isa = PBXBuildFile; fileRef = FA10293E2875AE2E0090DF04 /* LaunchScreen.storyboard */; };
		FA1029542875B5EE0090DF04 /* MainView.swift in Sources */ = {isa = PBXBuildFile; fileRef = FA1029532875B5EE0090DF04 /* MainView.swift */; };
		FA1029572875B6D00090DF04 /* SnapKit in Frameworks */ = {isa = PBXBuildFile; productRef = FA1029562875B6D00090DF04 /* SnapKit */; };
		FA15813F28774E99003B86CB /* UILabel.swift in Sources */ = {isa = PBXBuildFile; fileRef = FA15813E28774E99003B86CB /* UILabel.swift */; };
		FA15814128774EAF003B86CB /* UIStackView.swift in Sources */ = {isa = PBXBuildFile; fileRef = FA15814028774EAF003B86CB /* UIStackView.swift */; };
		FA484448287747AB00C9F0DE /* TimerSegment.swift in Sources */ = {isa = PBXBuildFile; fileRef = FA484447287747AB00C9F0DE /* TimerSegment.swift */; };
		FA4928732876BCEE009BB36B /* TimerViewController.swift in Sources */ = {isa = PBXBuildFile; fileRef = FA4928722876BCEE009BB36B /* TimerViewController.swift */; };
		FA4928762876C17B009BB36B /* TimerView.swift in Sources */ = {isa = PBXBuildFile; fileRef = FA4928752876C17B009BB36B /* TimerView.swift */; };
		FA4928792876E83E009BB36B /* ModalView.swift in Sources */ = {isa = PBXBuildFile; fileRef = FA4928782876E83E009BB36B /* ModalView.swift */; };
		FA49287D2877077F009BB36B /* ModalViewController.swift in Sources */ = {isa = PBXBuildFile; fileRef = FA49287C2877077F009BB36B /* ModalViewController.swift */; };
		FA49288128771EBF009BB36B /* GradientButton.swift in Sources */ = {isa = PBXBuildFile; fileRef = FA49288028771EBF009BB36B /* GradientButton.swift */; };
		FA49288528771FD4009BB36B /* RemainingTime.swift in Sources */ = {isa = PBXBuildFile; fileRef = FA49288428771FD4009BB36B /* RemainingTime.swift */; };
		FA492888287720C3009BB36B /* Double.swift in Sources */ = {isa = PBXBuildFile; fileRef = FA492887287720C3009BB36B /* Double.swift */; };
		FA49288A287720E8009BB36B /* UIView.swift in Sources */ = {isa = PBXBuildFile; fileRef = FA492889287720E8009BB36B /* UIView.swift */; };
		FA49288C287721D5009BB36B /* UIButton.swift in Sources */ = {isa = PBXBuildFile; fileRef = FA49288B287721D5009BB36B /* UIButton.swift */; };
/* End PBXBuildFile section */

/* Begin PBXFileReference section */
		FA1029302875AE2A0090DF04 /* SpecialOfferApp.app */ = {isa = PBXFileReference; explicitFileType = wrapper.application; includeInIndex = 0; path = SpecialOfferApp.app; sourceTree = BUILT_PRODUCTS_DIR; };
		FA1029332875AE2A0090DF04 /* AppDelegate.swift */ = {isa = PBXFileReference; lastKnownFileType = sourcecode.swift; path = AppDelegate.swift; sourceTree = "<group>"; };
		FA1029352875AE2A0090DF04 /* SceneDelegate.swift */ = {isa = PBXFileReference; lastKnownFileType = sourcecode.swift; path = SceneDelegate.swift; sourceTree = "<group>"; };
		FA1029372875AE2A0090DF04 /* MainViewController.swift */ = {isa = PBXFileReference; lastKnownFileType = sourcecode.swift; path = MainViewController.swift; sourceTree = "<group>"; };
		FA10293C2875AE2E0090DF04 /* Assets.xcassets */ = {isa = PBXFileReference; lastKnownFileType = folder.assetcatalog; path = Assets.xcassets; sourceTree = "<group>"; };
		FA10293F2875AE2E0090DF04 /* Base */ = {isa = PBXFileReference; lastKnownFileType = file.storyboard; name = Base; path = Base.lproj/LaunchScreen.storyboard; sourceTree = "<group>"; };
		FA1029412875AE2E0090DF04 /* Info.plist */ = {isa = PBXFileReference; lastKnownFileType = text.plist.xml; name = Info.plist; path = SpecialOfferApp/Source/Info.plist; sourceTree = SOURCE_ROOT; };
		FA1029532875B5EE0090DF04 /* MainView.swift */ = {isa = PBXFileReference; lastKnownFileType = sourcecode.swift; path = MainView.swift; sourceTree = "<group>"; };
		FA15813E28774E99003B86CB /* UILabel.swift */ = {isa = PBXFileReference; lastKnownFileType = sourcecode.swift; path = UILabel.swift; sourceTree = "<group>"; };
		FA15814028774EAF003B86CB /* UIStackView.swift */ = {isa = PBXFileReference; lastKnownFileType = sourcecode.swift; path = UIStackView.swift; sourceTree = "<group>"; };
		FA484447287747AB00C9F0DE /* TimerSegment.swift */ = {isa = PBXFileReference; lastKnownFileType = sourcecode.swift; path = TimerSegment.swift; sourceTree = "<group>"; };
		FA4928722876BCEE009BB36B /* TimerViewController.swift */ = {isa = PBXFileReference; lastKnownFileType = sourcecode.swift; path = TimerViewController.swift; sourceTree = "<group>"; };
		FA4928752876C17B009BB36B /* TimerView.swift */ = {isa = PBXFileReference; lastKnownFileType = sourcecode.swift; path = TimerView.swift; sourceTree = "<group>"; };
		FA4928782876E83E009BB36B /* ModalView.swift */ = {isa = PBXFileReference; lastKnownFileType = sourcecode.swift; path = ModalView.swift; sourceTree = "<group>"; };
		FA49287C2877077F009BB36B /* ModalViewController.swift */ = {isa = PBXFileReference; lastKnownFileType = sourcecode.swift; path = ModalViewController.swift; sourceTree = "<group>"; };
		FA49288028771EBF009BB36B /* GradientButton.swift */ = {isa = PBXFileReference; lastKnownFileType = sourcecode.swift; path = GradientButton.swift; sourceTree = "<group>"; };
		FA49288428771FD4009BB36B /* RemainingTime.swift */ = {isa = PBXFileReference; lastKnownFileType = sourcecode.swift; path = RemainingTime.swift; sourceTree = "<group>"; };
		FA492887287720C3009BB36B /* Double.swift */ = {isa = PBXFileReference; lastKnownFileType = sourcecode.swift; path = Double.swift; sourceTree = "<group>"; };
		FA492889287720E8009BB36B /* UIView.swift */ = {isa = PBXFileReference; lastKnownFileType = sourcecode.swift; path = UIView.swift; sourceTree = "<group>"; };
		FA49288B287721D5009BB36B /* UIButton.swift */ = {isa = PBXFileReference; lastKnownFileType = sourcecode.swift; path = UIButton.swift; sourceTree = "<group>"; };
/* End PBXFileReference section */

/* Begin PBXFrameworksBuildPhase section */
		FA10292D2875AE2A0090DF04 /* Frameworks */ = {
			isa = PBXFrameworksBuildPhase;
			buildActionMask = 2147483647;
			files = (
				FA1029572875B6D00090DF04 /* SnapKit in Frameworks */,
			);
			runOnlyForDeploymentPostprocessing = 0;
		};
/* End PBXFrameworksBuildPhase section */

/* Begin PBXGroup section */
		FA1029272875AE2A0090DF04 = {
			isa = PBXGroup;
			children = (
				FA1029322875AE2A0090DF04 /* SpecialOfferApp */,
				FA1029312875AE2A0090DF04 /* Products */,
			);
			sourceTree = "<group>";
		};
		FA1029312875AE2A0090DF04 /* Products */ = {
			isa = PBXGroup;
			children = (
				FA1029302875AE2A0090DF04 /* SpecialOfferApp.app */,
			);
			name = Products;
			sourceTree = "<group>";
		};
		FA1029322875AE2A0090DF04 /* SpecialOfferApp */ = {
			isa = PBXGroup;
			children = (
				FA492886287720B7009BB36B /* Extension */,
				FA1029522875B4750090DF04 /* App */,
				FA1029512875B4640090DF04 /* Source */,
				FA1029502875B4150090DF04 /* Core */,
			);
			path = SpecialOfferApp;
			sourceTree = "<group>";
		};
		FA1029502875B4150090DF04 /* Core */ = {
			isa = PBXGroup;
			children = (
				FA1029372875AE2A0090DF04 /* MainViewController.swift */,
				FA1029532875B5EE0090DF04 /* MainView.swift */,
				FA49288328771FC8009BB36B /* Model */,
				FA49287E28771E95009BB36B /* Components */,
			);
			path = Core;
			sourceTree = "<group>";
		};
		FA1029512875B4640090DF04 /* Source */ = {
			isa = PBXGroup;
			children = (
				FA10293C2875AE2E0090DF04 /* Assets.xcassets */,
				FA10293E2875AE2E0090DF04 /* LaunchScreen.storyboard */,
				FA1029412875AE2E0090DF04 /* Info.plist */,
			);
			path = Source;
			sourceTree = "<group>";
		};
		FA1029522875B4750090DF04 /* App */ = {
			isa = PBXGroup;
			children = (
				FA1029332875AE2A0090DF04 /* AppDelegate.swift */,
				FA1029352875AE2A0090DF04 /* SceneDelegate.swift */,
			);
			path = App;
			sourceTree = "<group>";
		};
		FA4928742876BFD7009BB36B /* Timer */ = {
			isa = PBXGroup;
			children = (
				FA4928722876BCEE009BB36B /* TimerViewController.swift */,
				FA4928752876C17B009BB36B /* TimerView.swift */,
				FA484447287747AB00C9F0DE /* TimerSegment.swift */,
			);
			path = Timer;
			sourceTree = "<group>";
		};
		FA4928772876E638009BB36B /* Modal */ = {
			isa = PBXGroup;
			children = (
				FA49287C2877077F009BB36B /* ModalViewController.swift */,
				FA4928782876E83E009BB36B /* ModalView.swift */,
			);
			path = Modal;
			sourceTree = "<group>";
		};
		FA49287E28771E95009BB36B /* Components */ = {
			isa = PBXGroup;
			children = (
				FA49287F28771EAD009BB36B /* GradientButton */,
				FA4928742876BFD7009BB36B /* Timer */,
				FA4928772876E638009BB36B /* Modal */,
			);
			path = Components;
			sourceTree = "<group>";
		};
		FA49287F28771EAD009BB36B /* GradientButton */ = {
			isa = PBXGroup;
			children = (
				FA49288028771EBF009BB36B /* GradientButton.swift */,
			);
			path = GradientButton;
			sourceTree = "<group>";
		};
		FA49288328771FC8009BB36B /* Model */ = {
			isa = PBXGroup;
			children = (
				FA49288428771FD4009BB36B /* RemainingTime.swift */,
			);
			path = Model;
			sourceTree = "<group>";
		};
		FA492886287720B7009BB36B /* Extension */ = {
			isa = PBXGroup;
			children = (
				FA492887287720C3009BB36B /* Double.swift */,
				FA492889287720E8009BB36B /* UIView.swift */,
				FA49288B287721D5009BB36B /* UIButton.swift */,
				FA15813E28774E99003B86CB /* UILabel.swift */,
				FA15814028774EAF003B86CB /* UIStackView.swift */,
			);
			path = Extension;
			sourceTree = "<group>";
		};
/* End PBXGroup section */

/* Begin PBXNativeTarget section */
		FA10292F2875AE2A0090DF04 /* SpecialOfferApp */ = {
			isa = PBXNativeTarget;
			buildConfigurationList = FA1029442875AE2E0090DF04 /* Build configuration list for PBXNativeTarget "SpecialOfferApp" */;
			buildPhases = (
				FA10292C2875AE2A0090DF04 /* Sources */,
				FA10292D2875AE2A0090DF04 /* Frameworks */,
				FA10292E2875AE2A0090DF04 /* Resources */,
			);
			buildRules = (
			);
			dependencies = (
			);
			name = SpecialOfferApp;
			packageProductDependencies = (
				FA1029562875B6D00090DF04 /* SnapKit */,
			);
			productName = SpecialOfferApp;
			productReference = FA1029302875AE2A0090DF04 /* SpecialOfferApp.app */;
			productType = "com.apple.product-type.application";
		};
/* End PBXNativeTarget section */

/* Begin PBXProject section */
		FA1029282875AE2A0090DF04 /* Project object */ = {
			isa = PBXProject;
			attributes = {
				BuildIndependentTargetsInParallel = 1;
				LastSwiftUpdateCheck = 1340;
				LastUpgradeCheck = 1340;
				TargetAttributes = {
					FA10292F2875AE2A0090DF04 = {
						CreatedOnToolsVersion = 13.4.1;
					};
				};
			};
			buildConfigurationList = FA10292B2875AE2A0090DF04 /* Build configuration list for PBXProject "SpecialOfferApp" */;
			compatibilityVersion = "Xcode 13.0";
			developmentRegion = en;
			hasScannedForEncodings = 0;
			knownRegions = (
				en,
				Base,
			);
			mainGroup = FA1029272875AE2A0090DF04;
			packageReferences = (
				FA1029552875B6D00090DF04 /* XCRemoteSwiftPackageReference "SnapKit" */,
			);
			productRefGroup = FA1029312875AE2A0090DF04 /* Products */;
			projectDirPath = "";
			projectRoot = "";
			targets = (
				FA10292F2875AE2A0090DF04 /* SpecialOfferApp */,
			);
		};
/* End PBXProject section */

/* Begin PBXResourcesBuildPhase section */
		FA10292E2875AE2A0090DF04 /* Resources */ = {
			isa = PBXResourcesBuildPhase;
			buildActionMask = 2147483647;
			files = (
				FA1029402875AE2E0090DF04 /* LaunchScreen.storyboard in Resources */,
				FA10293D2875AE2E0090DF04 /* Assets.xcassets in Resources */,
			);
			runOnlyForDeploymentPostprocessing = 0;
		};
/* End PBXResourcesBuildPhase section */

/* Begin PBXSourcesBuildPhase section */
		FA10292C2875AE2A0090DF04 /* Sources */ = {
			isa = PBXSourcesBuildPhase;
			buildActionMask = 2147483647;
			files = (
				FA49287D2877077F009BB36B /* ModalViewController.swift in Sources */,
				FA484448287747AB00C9F0DE /* TimerSegment.swift in Sources */,
				FA49288C287721D5009BB36B /* UIButton.swift in Sources */,
				FA4928732876BCEE009BB36B /* TimerViewController.swift in Sources */,
				FA1029542875B5EE0090DF04 /* MainView.swift in Sources */,
				FA49288528771FD4009BB36B /* RemainingTime.swift in Sources */,
				FA49288A287720E8009BB36B /* UIView.swift in Sources */,
				FA15813F28774E99003B86CB /* UILabel.swift in Sources */,
				FA4928762876C17B009BB36B /* TimerView.swift in Sources */,
				FA49288128771EBF009BB36B /* GradientButton.swift in Sources */,
				FA1029382875AE2A0090DF04 /* MainViewController.swift in Sources */,
				FA15814128774EAF003B86CB /* UIStackView.swift in Sources */,
				FA4928792876E83E009BB36B /* ModalView.swift in Sources */,
				FA1029342875AE2A0090DF04 /* AppDelegate.swift in Sources */,
				FA492888287720C3009BB36B /* Double.swift in Sources */,
				FA1029362875AE2A0090DF04 /* SceneDelegate.swift in Sources */,
			);
			runOnlyForDeploymentPostprocessing = 0;
		};
/* End PBXSourcesBuildPhase section */

/* Begin PBXVariantGroup section */
		FA10293E2875AE2E0090DF04 /* LaunchScreen.storyboard */ = {
			isa = PBXVariantGroup;
			children = (
				FA10293F2875AE2E0090DF04 /* Base */,
			);
			name = LaunchScreen.storyboard;
			sourceTree = "<group>";
		};
/* End PBXVariantGroup section */

/* Begin XCBuildConfiguration section */
		FA1029422875AE2E0090DF04 /* Debug */ = {
			isa = XCBuildConfiguration;
			buildSettings = {
				ALWAYS_SEARCH_USER_PATHS = NO;
				CLANG_ANALYZER_NONNULL = YES;
				CLANG_ANALYZER_NUMBER_OBJECT_CONVERSION = YES_AGGRESSIVE;
				CLANG_CXX_LANGUAGE_STANDARD = "gnu++17";
				CLANG_ENABLE_MODULES = YES;
				CLANG_ENABLE_OBJC_ARC = YES;
				CLANG_ENABLE_OBJC_WEAK = YES;
				CLANG_WARN_BLOCK_CAPTURE_AUTORELEASING = YES;
				CLANG_WARN_BOOL_CONVERSION = YES;
				CLANG_WARN_COMMA = YES;
				CLANG_WARN_CONSTANT_CONVERSION = YES;
				CLANG_WARN_DEPRECATED_OBJC_IMPLEMENTATIONS = YES;
				CLANG_WARN_DIRECT_OBJC_ISA_USAGE = YES_ERROR;
				CLANG_WARN_DOCUMENTATION_COMMENTS = YES;
				CLANG_WARN_EMPTY_BODY = YES;
				CLANG_WARN_ENUM_CONVERSION = YES;
				CLANG_WARN_INFINITE_RECURSION = YES;
				CLANG_WARN_INT_CONVERSION = YES;
				CLANG_WARN_NON_LITERAL_NULL_CONVERSION = YES;
				CLANG_WARN_OBJC_IMPLICIT_RETAIN_SELF = YES;
				CLANG_WARN_OBJC_LITERAL_CONVERSION = YES;
				CLANG_WARN_OBJC_ROOT_CLASS = YES_ERROR;
				CLANG_WARN_QUOTED_INCLUDE_IN_FRAMEWORK_HEADER = YES;
				CLANG_WARN_RANGE_LOOP_ANALYSIS = YES;
				CLANG_WARN_STRICT_PROTOTYPES = YES;
				CLANG_WARN_SUSPICIOUS_MOVE = YES;
				CLANG_WARN_UNGUARDED_AVAILABILITY = YES_AGGRESSIVE;
				CLANG_WARN_UNREACHABLE_CODE = YES;
				CLANG_WARN__DUPLICATE_METHOD_MATCH = YES;
				COPY_PHASE_STRIP = NO;
				DEBUG_INFORMATION_FORMAT = dwarf;
				ENABLE_STRICT_OBJC_MSGSEND = YES;
				ENABLE_TESTABILITY = YES;
				GCC_C_LANGUAGE_STANDARD = gnu11;
				GCC_DYNAMIC_NO_PIC = NO;
				GCC_NO_COMMON_BLOCKS = YES;
				GCC_OPTIMIZATION_LEVEL = 0;
				GCC_PREPROCESSOR_DEFINITIONS = (
					"DEBUG=1",
					"$(inherited)",
				);
				GCC_WARN_64_TO_32_BIT_CONVERSION = YES;
				GCC_WARN_ABOUT_RETURN_TYPE = YES_ERROR;
				GCC_WARN_UNDECLARED_SELECTOR = YES;
				GCC_WARN_UNINITIALIZED_AUTOS = YES_AGGRESSIVE;
				GCC_WARN_UNUSED_FUNCTION = YES;
				GCC_WARN_UNUSED_VARIABLE = YES;
				INFOPLIST_FILE = "";
				IPHONEOS_DEPLOYMENT_TARGET = 15.5;
				MTL_ENABLE_DEBUG_INFO = INCLUDE_SOURCE;
				MTL_FAST_MATH = YES;
				ONLY_ACTIVE_ARCH = YES;
				SDKROOT = iphoneos;
				SWIFT_ACTIVE_COMPILATION_CONDITIONS = DEBUG;
				SWIFT_OPTIMIZATION_LEVEL = "-Onone";
			};
			name = Debug;
		};
		FA1029432875AE2E0090DF04 /* Release */ = {
			isa = XCBuildConfiguration;
			buildSettings = {
				ALWAYS_SEARCH_USER_PATHS = NO;
				CLANG_ANALYZER_NONNULL = YES;
				CLANG_ANALYZER_NUMBER_OBJECT_CONVERSION = YES_AGGRESSIVE;
				CLANG_CXX_LANGUAGE_STANDARD = "gnu++17";
				CLANG_ENABLE_MODULES = YES;
				CLANG_ENABLE_OBJC_ARC = YES;
				CLANG_ENABLE_OBJC_WEAK = YES;
				CLANG_WARN_BLOCK_CAPTURE_AUTORELEASING = YES;
				CLANG_WARN_BOOL_CONVERSION = YES;
				CLANG_WARN_COMMA = YES;
				CLANG_WARN_CONSTANT_CONVERSION = YES;
				CLANG_WARN_DEPRECATED_OBJC_IMPLEMENTATIONS = YES;
				CLANG_WARN_DIRECT_OBJC_ISA_USAGE = YES_ERROR;
				CLANG_WARN_DOCUMENTATION_COMMENTS = YES;
				CLANG_WARN_EMPTY_BODY = YES;
				CLANG_WARN_ENUM_CONVERSION = YES;
				CLANG_WARN_INFINITE_RECURSION = YES;
				CLANG_WARN_INT_CONVERSION = YES;
				CLANG_WARN_NON_LITERAL_NULL_CONVERSION = YES;
				CLANG_WARN_OBJC_IMPLICIT_RETAIN_SELF = YES;
				CLANG_WARN_OBJC_LITERAL_CONVERSION = YES;
				CLANG_WARN_OBJC_ROOT_CLASS = YES_ERROR;
				CLANG_WARN_QUOTED_INCLUDE_IN_FRAMEWORK_HEADER = YES;
				CLANG_WARN_RANGE_LOOP_ANALYSIS = YES;
				CLANG_WARN_STRICT_PROTOTYPES = YES;
				CLANG_WARN_SUSPICIOUS_MOVE = YES;
				CLANG_WARN_UNGUARDED_AVAILABILITY = YES_AGGRESSIVE;
				CLANG_WARN_UNREACHABLE_CODE = YES;
				CLANG_WARN__DUPLICATE_METHOD_MATCH = YES;
				COPY_PHASE_STRIP = NO;
				DEBUG_INFORMATION_FORMAT = "dwarf-with-dsym";
				ENABLE_NS_ASSERTIONS = NO;
				ENABLE_STRICT_OBJC_MSGSEND = YES;
				GCC_C_LANGUAGE_STANDARD = gnu11;
				GCC_NO_COMMON_BLOCKS = YES;
				GCC_WARN_64_TO_32_BIT_CONVERSION = YES;
				GCC_WARN_ABOUT_RETURN_TYPE = YES_ERROR;
				GCC_WARN_UNDECLARED_SELECTOR = YES;
				GCC_WARN_UNINITIALIZED_AUTOS = YES_AGGRESSIVE;
				GCC_WARN_UNUSED_FUNCTION = YES;
				GCC_WARN_UNUSED_VARIABLE = YES;
				INFOPLIST_FILE = "";
				IPHONEOS_DEPLOYMENT_TARGET = 15.5;
				MTL_ENABLE_DEBUG_INFO = NO;
				MTL_FAST_MATH = YES;
				SDKROOT = iphoneos;
				SWIFT_COMPILATION_MODE = wholemodule;
				SWIFT_OPTIMIZATION_LEVEL = "-O";
				VALIDATE_PRODUCT = YES;
			};
			name = Release;
		};
		FA1029452875AE2E0090DF04 /* Debug */ = {
			isa = XCBuildConfiguration;
			buildSettings = {
				ASSETCATALOG_COMPILER_APPICON_NAME = AppIcon;
				ASSETCATALOG_COMPILER_GLOBAL_ACCENT_COLOR_NAME = AccentColor;
				CODE_SIGN_STYLE = Automatic;
				CURRENT_PROJECT_VERSION = 1;
				DEVELOPMENT_TEAM = QN9H6D325T;
				GENERATE_INFOPLIST_FILE = YES;
				INFOPLIST_FILE = SpecialOfferApp/Source/Info.plist;
				INFOPLIST_KEY_UIApplicationSupportsIndirectInputEvents = YES;
				INFOPLIST_KEY_UILaunchStoryboardName = LaunchScreen;
				INFOPLIST_KEY_UISupportedInterfaceOrientations = "UIInterfaceOrientationLandscapeLeft UIInterfaceOrientationLandscapeRight";
				INFOPLIST_KEY_UISupportedInterfaceOrientations_iPad = "UIInterfaceOrientationLandscapeLeft UIInterfaceOrientationLandscapeRight";
				INFOPLIST_KEY_UISupportedInterfaceOrientations_iPhone = "UIInterfaceOrientationLandscapeLeft UIInterfaceOrientationLandscapeRight";
				LD_RUNPATH_SEARCH_PATHS = (
					"$(inherited)",
					"@executable_path/Frameworks",
				);
				MARKETING_VERSION = 1.0;
				PRODUCT_BUNDLE_IDENTIFIER = com.alexeykoleda.SpecialOfferApp;
				PRODUCT_NAME = "$(TARGET_NAME)";
				SWIFT_EMIT_LOC_STRINGS = YES;
				SWIFT_VERSION = 5.0;
				TARGETED_DEVICE_FAMILY = "1,2";
			};
			name = Debug;
		};
		FA1029462875AE2E0090DF04 /* Release */ = {
			isa = XCBuildConfiguration;
			buildSettings = {
				ASSETCATALOG_COMPILER_APPICON_NAME = AppIcon;
				ASSETCATALOG_COMPILER_GLOBAL_ACCENT_COLOR_NAME = AccentColor;
				CODE_SIGN_STYLE = Automatic;
				CURRENT_PROJECT_VERSION = 1;
				DEVELOPMENT_TEAM = QN9H6D325T;
				GENERATE_INFOPLIST_FILE = YES;
				INFOPLIST_FILE = SpecialOfferApp/Source/Info.plist;
				INFOPLIST_KEY_UIApplicationSupportsIndirectInputEvents = YES;
				INFOPLIST_KEY_UILaunchStoryboardName = LaunchScreen;
				INFOPLIST_KEY_UISupportedInterfaceOrientations = "UIInterfaceOrientationLandscapeLeft UIInterfaceOrientationLandscapeRight";
				INFOPLIST_KEY_UISupportedInterfaceOrientations_iPad = "UIInterfaceOrientationLandscapeLeft UIInterfaceOrientationLandscapeRight";
				INFOPLIST_KEY_UISupportedInterfaceOrientations_iPhone = "UIInterfaceOrientationLandscapeLeft UIInterfaceOrientationLandscapeRight";
				LD_RUNPATH_SEARCH_PATHS = (
					"$(inherited)",
					"@executable_path/Frameworks",
				);
				MARKETING_VERSION = 1.0;
				PRODUCT_BUNDLE_IDENTIFIER = com.alexeykoleda.SpecialOfferApp;
				PRODUCT_NAME = "$(TARGET_NAME)";
				SWIFT_EMIT_LOC_STRINGS = YES;
				SWIFT_VERSION = 5.0;
				TARGETED_DEVICE_FAMILY = "1,2";
			};
			name = Release;
		};
/* End XCBuildConfiguration section */

/* Begin XCConfigurationList section */
		FA10292B2875AE2A0090DF04 /* Build configuration list for PBXProject "SpecialOfferApp" */ = {
			isa = XCConfigurationList;
			buildConfigurations = (
				FA1029422875AE2E0090DF04 /* Debug */,
				FA1029432875AE2E0090DF04 /* Release */,
			);
			defaultConfigurationIsVisible = 0;
			defaultConfigurationName = Release;
		};
		FA1029442875AE2E0090DF04 /* Build configuration list for PBXNativeTarget "SpecialOfferApp" */ = {
			isa = XCConfigurationList;
			buildConfigurations = (
				FA1029452875AE2E0090DF04 /* Debug */,
				FA1029462875AE2E0090DF04 /* Release */,
			);
			defaultConfigurationIsVisible = 0;
			defaultConfigurationName = Release;
		};
/* End XCConfigurationList section */

/* Begin XCRemoteSwiftPackageReference section */
		FA1029552875B6D00090DF04 /* XCRemoteSwiftPackageReference "SnapKit" */ = {
			isa = XCRemoteSwiftPackageReference;
			repositoryURL = "https://github.com/SnapKit/SnapKit";
			requirement = {
				kind = upToNextMajorVersion;
				minimumVersion = 5.0.0;
			};
		};
/* End XCRemoteSwiftPackageReference section */

/* Begin XCSwiftPackageProductDependency section */
		FA1029562875B6D00090DF04 /* SnapKit */ = {
			isa = XCSwiftPackageProductDependency;
			package = FA1029552875B6D00090DF04 /* XCRemoteSwiftPackageReference "SnapKit" */;
			productName = SnapKit;
		};
/* End XCSwiftPackageProductDependency section */
	};
	rootObject = FA1029282875AE2A0090DF04 /* Project object */;
}
